
Microsoft Visual Studio Solution File, Format Version 12.00
# Visual Studio 2013
VisualStudioVersion = 12.0.30501.0
MinimumVisualStudioVersion = 10.0.40219.1
Project("{FAE04EC0-301F-11D3-BF4B-00C04F79EFBC}") = "Cimbalino.Toolkit.Portable", "Cimbalino.Toolkit.Portable\Cimbalino.Toolkit.Portable.csproj", "{DF37406D-0261-4F84-9576-35387A3DE8C5}"
EndProject
Project("{FAE04EC0-301F-11D3-BF4B-00C04F79EFBC}") = "Cimbalino.Toolkit (WP8)", "Cimbalino.Toolkit (WP8)\Cimbalino.Toolkit (WP8).csproj", "{1C6E97D3-7D3F-486F-AC01-869210F657C5}"
EndProject
Project("{FAE04EC0-301F-11D3-BF4B-00C04F79EFBC}") = "Cimbalino.Toolkit.Background (WP8)", "Cimbalino.Toolkit.Background (WP8)\Cimbalino.Toolkit.Background (WP8).csproj", "{1EBC84F2-9C7A-4BAC-93C5-C1DFEFFE1173}"
EndProject
Project("{FAE04EC0-301F-11D3-BF4B-00C04F79EFBC}") = "Cimbalino.Toolkit.Background (WP81)", "Cimbalino.Toolkit.Background (WP81)\Cimbalino.Toolkit.Background (WP81).csproj", "{28E175B2-884C-40D2-AEDE-D8C01994761B}"
EndProject
Project("{FAE04EC0-301F-11D3-BF4B-00C04F79EFBC}") = "Cimbalino.Toolkit.Background (Win81)", "Cimbalino.Toolkit.Background (Win81)\Cimbalino.Toolkit.Background (Win81).csproj", "{1B367D74-A161-4C0E-9DD7-905843ECDDDF}"
EndProject
Project("{FAE04EC0-301F-11D3-BF4B-00C04F79EFBC}") = "Cimbalino.Toolkit (Win81)", "Cimbalino.Toolkit (Win81)\Cimbalino.Toolkit (Win81).csproj", "{2B2685A3-A932-494C-8D5A-802CCC1996CB}"
EndProject
Project("{FAE04EC0-301F-11D3-BF4B-00C04F79EFBC}") = "Cimbalino.Toolkit (WP81)", "Cimbalino.Toolkit (WP81)\Cimbalino.Toolkit (WP81).csproj", "{38AC46AC-6644-4140-A350-31F5E0F64D5E}"
EndProject
Global
	GlobalSection(SolutionConfigurationPlatforms) = preSolution
		Debug|Any CPU = Debug|Any CPU
		Debug|ARM = Debug|ARM
		Debug|x64 = Debug|x64
		Debug|x86 = Debug|x86
		Release|Any CPU = Release|Any CPU
		Release|ARM = Release|ARM
		Release|x64 = Release|x64
		Release|x86 = Release|x86
	EndGlobalSection
	GlobalSection(ProjectConfigurationPlatforms) = postSolution
		{DF37406D-0261-4F84-9576-35387A3DE8C5}.Debug|Any CPU.ActiveCfg = Debug|Any CPU
		{DF37406D-0261-4F84-9576-35387A3DE8C5}.Debug|Any CPU.Build.0 = Debug|Any CPU
		{DF37406D-0261-4F84-9576-35387A3DE8C5}.Debug|ARM.ActiveCfg = Debug|Any CPU
		{DF37406D-0261-4F84-9576-35387A3DE8C5}.Debug|x64.ActiveCfg = Debug|Any CPU
		{DF37406D-0261-4F84-9576-35387A3DE8C5}.Debug|x86.ActiveCfg = Debug|Any CPU
		{DF37406D-0261-4F84-9576-35387A3DE8C5}.Release|Any CPU.ActiveCfg = Release|Any CPU
		{DF37406D-0261-4F84-9576-35387A3DE8C5}.Release|Any CPU.Build.0 = Release|Any CPU
		{DF37406D-0261-4F84-9576-35387A3DE8C5}.Release|ARM.ActiveCfg = Release|Any CPU
		{DF37406D-0261-4F84-9576-35387A3DE8C5}.Release|x64.ActiveCfg = Release|Any CPU
		{DF37406D-0261-4F84-9576-35387A3DE8C5}.Release|x86.ActiveCfg = Release|Any CPU
		{1C6E97D3-7D3F-486F-AC01-869210F657C5}.Debug|Any CPU.ActiveCfg = Debug|Any CPU
		{1C6E97D3-7D3F-486F-AC01-869210F657C5}.Debug|Any CPU.Build.0 = Debug|Any CPU
		{1C6E97D3-7D3F-486F-AC01-869210F657C5}.Debug|ARM.ActiveCfg = Debug|ARM
		{1C6E97D3-7D3F-486F-AC01-869210F657C5}.Debug|ARM.Build.0 = Debug|ARM
		{1C6E97D3-7D3F-486F-AC01-869210F657C5}.Debug|x64.ActiveCfg = Debug|Any CPU
		{1C6E97D3-7D3F-486F-AC01-869210F657C5}.Debug|x86.ActiveCfg = Debug|x86
		{1C6E97D3-7D3F-486F-AC01-869210F657C5}.Debug|x86.Build.0 = Debug|x86
		{1C6E97D3-7D3F-486F-AC01-869210F657C5}.Release|Any CPU.ActiveCfg = Release|Any CPU
		{1C6E97D3-7D3F-486F-AC01-869210F657C5}.Release|Any CPU.Build.0 = Release|Any CPU
		{1C6E97D3-7D3F-486F-AC01-869210F657C5}.Release|ARM.ActiveCfg = Release|ARM
		{1C6E97D3-7D3F-486F-AC01-869210F657C5}.Release|ARM.Build.0 = Release|ARM
		{1C6E97D3-7D3F-486F-AC01-869210F657C5}.Release|x64.ActiveCfg = Release|Any CPU
		{1C6E97D3-7D3F-486F-AC01-869210F657C5}.Release|x86.ActiveCfg = Release|x86
		{1C6E97D3-7D3F-486F-AC01-869210F657C5}.Release|x86.Build.0 = Release|x86
		{1EBC84F2-9C7A-4BAC-93C5-C1DFEFFE1173}.Debug|Any CPU.ActiveCfg = Debug|Any CPU
		{1EBC84F2-9C7A-4BAC-93C5-C1DFEFFE1173}.Debug|Any CPU.Build.0 = Debug|Any CPU
		{1EBC84F2-9C7A-4BAC-93C5-C1DFEFFE1173}.Debug|ARM.ActiveCfg = Debug|ARM
		{1EBC84F2-9C7A-4BAC-93C5-C1DFEFFE1173}.Debug|ARM.Build.0 = Debug|ARM
		{1EBC84F2-9C7A-4BAC-93C5-C1DFEFFE1173}.Debug|x64.ActiveCfg = Debug|Any CPU
		{1EBC84F2-9C7A-4BAC-93C5-C1DFEFFE1173}.Debug|x86.ActiveCfg = Debug|x86
		{1EBC84F2-9C7A-4BAC-93C5-C1DFEFFE1173}.Debug|x86.Build.0 = Debug|x86
		{1EBC84F2-9C7A-4BAC-93C5-C1DFEFFE1173}.Release|Any CPU.ActiveCfg = Release|Any CPU
		{1EBC84F2-9C7A-4BAC-93C5-C1DFEFFE1173}.Release|Any CPU.Build.0 = Release|Any CPU
		{1EBC84F2-9C7A-4BAC-93C5-C1DFEFFE1173}.Release|ARM.ActiveCfg = Release|ARM
		{1EBC84F2-9C7A-4BAC-93C5-C1DFEFFE1173}.Release|ARM.Build.0 = Release|ARM
		{1EBC84F2-9C7A-4BAC-93C5-C1DFEFFE1173}.Release|x64.ActiveCfg = Release|Any CPU
		{1EBC84F2-9C7A-4BAC-93C5-C1DFEFFE1173}.Release|x86.ActiveCfg = Release|x86
		{1EBC84F2-9C7A-4BAC-93C5-C1DFEFFE1173}.Release|x86.Build.0 = Release|x86
		{28E175B2-884C-40D2-AEDE-D8C01994761B}.Debug|Any CPU.ActiveCfg = Debug|Any CPU
		{28E175B2-884C-40D2-AEDE-D8C01994761B}.Debug|Any CPU.Build.0 = Debug|Any CPU
		{28E175B2-884C-40D2-AEDE-D8C01994761B}.Debug|ARM.ActiveCfg = Debug|ARM
		{28E175B2-884C-40D2-AEDE-D8C01994761B}.Debug|ARM.Build.0 = Debug|ARM
		{28E175B2-884C-40D2-AEDE-D8C01994761B}.Debug|x64.ActiveCfg = Debug|Any CPU
		{28E175B2-884C-40D2-AEDE-D8C01994761B}.Debug|x86.ActiveCfg = Debug|x86
		{28E175B2-884C-40D2-AEDE-D8C01994761B}.Debug|x86.Build.0 = Debug|x86
		{28E175B2-884C-40D2-AEDE-D8C01994761B}.Release|Any CPU.ActiveCfg = Release|Any CPU
		{28E175B2-884C-40D2-AEDE-D8C01994761B}.Release|Any CPU.Build.0 = Release|Any CPU
		{28E175B2-884C-40D2-AEDE-D8C01994761B}.Release|ARM.ActiveCfg = Release|ARM
		{28E175B2-884C-40D2-AEDE-D8C01994761B}.Release|ARM.Build.0 = Release|ARM
		{28E175B2-884C-40D2-AEDE-D8C01994761B}.Release|x64.ActiveCfg = Release|Any CPU
		{28E175B2-884C-40D2-AEDE-D8C01994761B}.Release|x86.ActiveCfg = Release|x86
		{28E175B2-884C-40D2-AEDE-D8C01994761B}.Release|x86.Build.0 = Release|x86
		{1B367D74-A161-4C0E-9DD7-905843ECDDDF}.Debug|Any CPU.ActiveCfg = Debug|Any CPU
		{1B367D74-A161-4C0E-9DD7-905843ECDDDF}.Debug|Any CPU.Build.0 = Debug|Any CPU
		{1B367D74-A161-4C0E-9DD7-905843ECDDDF}.Debug|ARM.ActiveCfg = Debug|ARM
		{1B367D74-A161-4C0E-9DD7-905843ECDDDF}.Debug|ARM.Build.0 = Debug|ARM
		{1B367D74-A161-4C0E-9DD7-905843ECDDDF}.Debug|x64.ActiveCfg = Debug|x64
		{1B367D74-A161-4C0E-9DD7-905843ECDDDF}.Debug|x64.Build.0 = Debug|x64
		{1B367D74-A161-4C0E-9DD7-905843ECDDDF}.Debug|x86.ActiveCfg = Debug|x86
		{1B367D74-A161-4C0E-9DD7-905843ECDDDF}.Debug|x86.Build.0 = Debug|x86
		{1B367D74-A161-4C0E-9DD7-905843ECDDDF}.Release|Any CPU.ActiveCfg = Release|Any CPU
		{1B367D74-A161-4C0E-9DD7-905843ECDDDF}.Release|Any CPU.Build.0 = Release|Any CPU
		{1B367D74-A161-4C0E-9DD7-905843ECDDDF}.Release|ARM.ActiveCfg = Release|ARM
		{1B367D74-A161-4C0E-9DD7-905843ECDDDF}.Release|ARM.Build.0 = Release|ARM
		{1B367D74-A161-4C0E-9DD7-905843ECDDDF}.Release|x64.ActiveCfg = Release|x64
		{1B367D74-A161-4C0E-9DD7-905843ECDDDF}.Release|x64.Build.0 = Release|x64
		{1B367D74-A161-4C0E-9DD7-905843ECDDDF}.Release|x86.ActiveCfg = Release|x86
		{1B367D74-A161-4C0E-9DD7-905843ECDDDF}.Release|x86.Build.0 = Release|x86
		{2B2685A3-A932-494C-8D5A-802CCC1996CB}.Debug|Any CPU.ActiveCfg = Debug|Any CPU
		{2B2685A3-A932-494C-8D5A-802CCC1996CB}.Debug|Any CPU.Build.0 = Debug|Any CPU
		{2B2685A3-A932-494C-8D5A-802CCC1996CB}.Debug|ARM.ActiveCfg = Debug|ARM
		{2B2685A3-A932-494C-8D5A-802CCC1996CB}.Debug|ARM.Build.0 = Debug|ARM
		{2B2685A3-A932-494C-8D5A-802CCC1996CB}.Debug|x64.ActiveCfg = Debug|x64
		{2B2685A3-A932-494C-8D5A-802CCC1996CB}.Debug|x64.Build.0 = Debug|x64
		{2B2685A3-A932-494C-8D5A-802CCC1996CB}.Debug|x86.ActiveCfg = Debug|x86
		{2B2685A3-A932-494C-8D5A-802CCC1996CB}.Debug|x86.Build.0 = Debug|x86
		{2B2685A3-A932-494C-8D5A-802CCC1996CB}.Release|Any CPU.ActiveCfg = Release|Any CPU
		{2B2685A3-A932-494C-8D5A-802CCC1996CB}.Release|Any CPU.Build.0 = Release|Any CPU
		{2B2685A3-A932-494C-8D5A-802CCC1996CB}.Release|ARM.ActiveCfg = Release|ARM
		{2B2685A3-A932-494C-8D5A-802CCC1996CB}.Release|ARM.Build.0 = Release|ARM
		{2B2685A3-A932-494C-8D5A-802CCC1996CB}.Release|x64.ActiveCfg = Release|x64
		{2B2685A3-A932-494C-8D5A-802CCC1996CB}.Release|x64.Build.0 = Release|x64
		{2B2685A3-A932-494C-8D5A-802CCC1996CB}.Release|x86.ActiveCfg = Release|x86
		{2B2685A3-A932-494C-8D5A-802CCC1996CB}.Release|x86.Build.0 = Release|x86
		{38AC46AC-6644-4140-A350-31F5E0F64D5E}.Debug|Any CPU.ActiveCfg = Debug|Any CPU
		{38AC46AC-6644-4140-A350-31F5E0F64D5E}.Debug|Any CPU.Build.0 = Debug|Any CPU
		{38AC46AC-6644-4140-A350-31F5E0F64D5E}.Debug|ARM.ActiveCfg = Debug|ARM
		{38AC46AC-6644-4140-A350-31F5E0F64D5E}.Debug|ARM.Build.0 = Debug|ARM
		{38AC46AC-6644-4140-A350-31F5E0F64D5E}.Debug|x64.ActiveCfg = Debug|Any CPU
		{38AC46AC-6644-4140-A350-31F5E0F64D5E}.Debug|x86.ActiveCfg = Debug|x86
		{38AC46AC-6644-4140-A350-31F5E0F64D5E}.Debug|x86.Build.0 = Debug|x86
		{38AC46AC-6644-4140-A350-31F5E0F64D5E}.Release|Any CPU.ActiveCfg = Release|Any CPU
		{38AC46AC-6644-4140-A350-31F5E0F64D5E}.Release|Any CPU.Build.0 = Release|Any CPU
		{38AC46AC-6644-4140-A350-31F5E0F64D5E}.Release|ARM.ActiveCfg = Release|ARM
		{38AC46AC-6644-4140-A350-31F5E0F64D5E}.Release|ARM.Build.0 = Release|ARM
		{38AC46AC-6644-4140-A350-31F5E0F64D5E}.Release|x64.ActiveCfg = Release|Any CPU
		{38AC46AC-6644-4140-A350-31F5E0F64D5E}.Release|x86.ActiveCfg = Release|x86
		{38AC46AC-6644-4140-A350-31F5E0F64D5E}.Release|x86.Build.0 = Release|x86
	EndGlobalSection
	GlobalSection(SolutionProperties) = preSolution
		HideSolutionNode = FALSE
	EndGlobalSection
EndGlobal
