
Microsoft Visual Studio Solution File, Format Version 12.00
# Visual Studio Version 16
VisualStudioVersion = 16.0.29123.88
MinimumVisualStudioVersion = 10.0.40219.1
Project("{2150E333-8FDC-42A3-9474-1A3956D46DE8}") = "Solution Items", "Solution Items", "{6A8119D9-AA2A-43F9-BD1D-E5F33F5EB526}"
	ProjectSection(SolutionItems) = preProject
		.gitignore = .gitignore
		Directory.Build.props = Directory.Build.props
		Directory.Build.targets = Directory.Build.targets
		global.json = global.json
		License.txt = License.txt
		Settings.StyleCop = Settings.StyleCop
		StyleCop.Analyzers.ruleset = StyleCop.Analyzers.ruleset
	EndProjectSection
EndProject
Project("{9A19103F-16F7-4668-BE54-9A1E7A4F7556}") = "Cimbalino.Toolkit.Core", "Cimbalino.Toolkit.Core\Cimbalino.Toolkit.Core.csproj", "{AF81E1B0-BE94-4F9E-B7DE-BB5BC13BB955}"
EndProject
Project("{9A19103F-16F7-4668-BE54-9A1E7A4F7556}") = "Cimbalino.Toolkit", "Cimbalino.Toolkit\Cimbalino.Toolkit.csproj", "{4411A93A-1555-4EEF-9323-DC48F5413536}"
EndProject
Project("{9A19103F-16F7-4668-BE54-9A1E7A4F7556}") = "Cimbalino.Toolkit.Controls", "Cimbalino.Toolkit.Controls\Cimbalino.Toolkit.Controls.csproj", "{7FB5779B-1369-4597-A7B1-9F307ED19E37}"
EndProject
Global
	GlobalSection(SolutionConfigurationPlatforms) = preSolution
		Debug|Any CPU = Debug|Any CPU
		Debug|ARM = Debug|ARM
		Debug|x64 = Debug|x64
		Debug|x86 = Debug|x86
		Release|Any CPU = Release|Any CPU
		Release|ARM = Release|ARM
		Release|x64 = Release|x64
		Release|x86 = Release|x86
	EndGlobalSection
	GlobalSection(ProjectConfigurationPlatforms) = postSolution
		{AF81E1B0-BE94-4F9E-B7DE-BB5BC13BB955}.Debug|Any CPU.ActiveCfg = Debug|Any CPU
		{AF81E1B0-BE94-4F9E-B7DE-BB5BC13BB955}.Debug|Any CPU.Build.0 = Debug|Any CPU
		{AF81E1B0-BE94-4F9E-B7DE-BB5BC13BB955}.Debug|ARM.ActiveCfg = Debug|Any CPU
		{AF81E1B0-BE94-4F9E-B7DE-BB5BC13BB955}.Debug|ARM.Build.0 = Debug|Any CPU
		{AF81E1B0-BE94-4F9E-B7DE-BB5BC13BB955}.Debug|x64.ActiveCfg = Debug|Any CPU
		{AF81E1B0-BE94-4F9E-B7DE-BB5BC13BB955}.Debug|x64.Build.0 = Debug|Any CPU
		{AF81E1B0-BE94-4F9E-B7DE-BB5BC13BB955}.Debug|x86.ActiveCfg = Debug|Any CPU
		{AF81E1B0-BE94-4F9E-B7DE-BB5BC13BB955}.Debug|x86.Build.0 = Debug|Any CPU
		{AF81E1B0-BE94-4F9E-B7DE-BB5BC13BB955}.Release|Any CPU.ActiveCfg = Release|Any CPU
		{AF81E1B0-BE94-4F9E-B7DE-BB5BC13BB955}.Release|Any CPU.Build.0 = Release|Any CPU
		{AF81E1B0-BE94-4F9E-B7DE-BB5BC13BB955}.Release|ARM.ActiveCfg = Release|Any CPU
		{AF81E1B0-BE94-4F9E-B7DE-BB5BC13BB955}.Release|ARM.Build.0 = Release|Any CPU
		{AF81E1B0-BE94-4F9E-B7DE-BB5BC13BB955}.Release|x64.ActiveCfg = Release|Any CPU
		{AF81E1B0-BE94-4F9E-B7DE-BB5BC13BB955}.Release|x64.Build.0 = Release|Any CPU
		{AF81E1B0-BE94-4F9E-B7DE-BB5BC13BB955}.Release|x86.ActiveCfg = Release|Any CPU
		{AF81E1B0-BE94-4F9E-B7DE-BB5BC13BB955}.Release|x86.Build.0 = Release|Any CPU
		{4411A93A-1555-4EEF-9323-DC48F5413536}.Debug|Any CPU.ActiveCfg = Debug|Any CPU
		{4411A93A-1555-4EEF-9323-DC48F5413536}.Debug|Any CPU.Build.0 = Debug|Any CPU
		{4411A93A-1555-4EEF-9323-DC48F5413536}.Debug|ARM.ActiveCfg = Debug|Any CPU
		{4411A93A-1555-4EEF-9323-DC48F5413536}.Debug|ARM.Build.0 = Debug|Any CPU
		{4411A93A-1555-4EEF-9323-DC48F5413536}.Debug|x64.ActiveCfg = Debug|Any CPU
		{4411A93A-1555-4EEF-9323-DC48F5413536}.Debug|x64.Build.0 = Debug|Any CPU
		{4411A93A-1555-4EEF-9323-DC48F5413536}.Debug|x86.ActiveCfg = Debug|Any CPU
		{4411A93A-1555-4EEF-9323-DC48F5413536}.Debug|x86.Build.0 = Debug|Any CPU
		{4411A93A-1555-4EEF-9323-DC48F5413536}.Release|Any CPU.ActiveCfg = Release|Any CPU
		{4411A93A-1555-4EEF-9323-DC48F5413536}.Release|Any CPU.Build.0 = Release|Any CPU
		{4411A93A-1555-4EEF-9323-DC48F5413536}.Release|ARM.ActiveCfg = Release|Any CPU
		{4411A93A-1555-4EEF-9323-DC48F5413536}.Release|ARM.Build.0 = Release|Any CPU
		{4411A93A-1555-4EEF-9323-DC48F5413536}.Release|x64.ActiveCfg = Release|Any CPU
		{4411A93A-1555-4EEF-9323-DC48F5413536}.Release|x64.Build.0 = Release|Any CPU
		{4411A93A-1555-4EEF-9323-DC48F5413536}.Release|x86.ActiveCfg = Release|Any CPU
		{4411A93A-1555-4EEF-9323-DC48F5413536}.Release|x86.Build.0 = Release|Any CPU
		{7FB5779B-1369-4597-A7B1-9F307ED19E37}.Debug|Any CPU.ActiveCfg = Debug|Any CPU
		{7FB5779B-1369-4597-A7B1-9F307ED19E37}.Debug|Any CPU.Build.0 = Debug|Any CPU
		{7FB5779B-1369-4597-A7B1-9F307ED19E37}.Debug|ARM.ActiveCfg = Debug|Any CPU
		{7FB5779B-1369-4597-A7B1-9F307ED19E37}.Debug|ARM.Build.0 = Debug|Any CPU
		{7FB5779B-1369-4597-A7B1-9F307ED19E37}.Debug|x64.ActiveCfg = Debug|Any CPU
		{7FB5779B-1369-4597-A7B1-9F307ED19E37}.Debug|x64.Build.0 = Debug|Any CPU
		{7FB5779B-1369-4597-A7B1-9F307ED19E37}.Debug|x86.ActiveCfg = Debug|Any CPU
		{7FB5779B-1369-4597-A7B1-9F307ED19E37}.Debug|x86.Build.0 = Debug|Any CPU
		{7FB5779B-1369-4597-A7B1-9F307ED19E37}.Release|Any CPU.ActiveCfg = Release|Any CPU
		{7FB5779B-1369-4597-A7B1-9F307ED19E37}.Release|Any CPU.Build.0 = Release|Any CPU
		{7FB5779B-1369-4597-A7B1-9F307ED19E37}.Release|ARM.ActiveCfg = Release|Any CPU
		{7FB5779B-1369-4597-A7B1-9F307ED19E37}.Release|ARM.Build.0 = Release|Any CPU
		{7FB5779B-1369-4597-A7B1-9F307ED19E37}.Release|x64.ActiveCfg = Release|Any CPU
		{7FB5779B-1369-4597-A7B1-9F307ED19E37}.Release|x64.Build.0 = Release|Any CPU
		{7FB5779B-1369-4597-A7B1-9F307ED19E37}.Release|x86.ActiveCfg = Release|Any CPU
		{7FB5779B-1369-4597-A7B1-9F307ED19E37}.Release|x86.Build.0 = Release|Any CPU
	EndGlobalSection
	GlobalSection(SolutionProperties) = preSolution
		HideSolutionNode = FALSE
	EndGlobalSection
	GlobalSection(ExtensibilityGlobals) = postSolution
		SolutionGuid = {D82B6F3F-D7BD-43D7-AA58-47559803F31A}
	EndGlobalSection
EndGlobal
